// !$*UTF8*$!
{
	archiveVersion = 1;
	classes = {
	};
	objectVersion = 46;
	objects = {

/* Begin PBXBuildFile section */
		7F8C2DAB1C85B13100B4DF50 /* CRView.m in Sources */ = {isa = PBXBuildFile; fileRef = 7F8C2DA91C85B13100B4DF50 /* CRView.m */; };
		7F8C2DAE1C85C57500B4DF50 /* view.png in Resources */ = {isa = PBXBuildFile; fileRef = 7F8C2DAD1C85C57500B4DF50 /* view.png */; };
		7FA7084F1C85B0EB00006095 /* AppDelegate.m in Sources */ = {isa = PBXBuildFile; fileRef = 7FA7084E1C85B0EB00006095 /* AppDelegate.m */; };
		7FA708521C85B0EB00006095 /* main.m in Sources */ = {isa = PBXBuildFile; fileRef = 7FA708511C85B0EB00006095 /* main.m */; };
		7FA708541C85B0EB00006095 /* Assets.xcassets in Resources */ = {isa = PBXBuildFile; fileRef = 7FA708531C85B0EB00006095 /* Assets.xcassets */; };
		7FA708571C85B0EB00006095 /* MainMenu.xib in Resources */ = {isa = PBXBuildFile; fileRef = 7FA708551C85B0EB00006095 /* MainMenu.xib */; };
/* End PBXBuildFile section */

/* Begin PBXFileReference section */
		7F8C2DA91C85B13100B4DF50 /* CRView.m */ = {isa = PBXFileReference; fileEncoding = 4; lastKnownFileType = sourcecode.c.objc; path = CRView.m; sourceTree = "<group>"; };
		7F8C2DAA1C85B13100B4DF50 /* CRView.h */ = {isa = PBXFileReference; fileEncoding = 4; lastKnownFileType = sourcecode.c.h; path = CRView.h; sourceTree = "<group>"; };
		7F8C2DAD1C85C57500B4DF50 /* view.png */ = {isa = PBXFileReference; lastKnownFileType = image.png; path = view.png; sourceTree = "<group>"; };
		7FA7084A1C85B0EB00006095 /* CRTest.app */ = {isa = PBXFileReference; explicitFileType = wrapper.application; includeInIndex = 0; path = CRTest.app; sourceTree = BUILT_PRODUCTS_DIR; };
		7FA7084D1C85B0EB00006095 /* AppDelegate.h */ = {isa = PBXFileReference; lastKnownFileType = sourcecode.c.h; path = AppDelegate.h; sourceTree = "<group>"; };
		7FA7084E1C85B0EB00006095 /* AppDelegate.m */ = {isa = PBXFileReference; lastKnownFileType = sourcecode.c.objc; path = AppDelegate.m; sourceTree = "<group>"; };
		7FA708511C85B0EB00006095 /* main.m */ = {isa = PBXFileReference; lastKnownFileType = sourcecode.c.objc; path = main.m; sourceTree = "<group>"; };
		7FA708531C85B0EB00006095 /* Assets.xcassets */ = {isa = PBXFileReference; lastKnownFileType = folder.assetcatalog; path = Assets.xcassets; sourceTree = "<group>"; };
		7FA708561C85B0EB00006095 /* Base */ = {isa = PBXFileReference; lastKnownFileType = file.xib; name = Base; path = Base.lproj/MainMenu.xib; sourceTree = "<group>"; };
		7FA708581C85B0EB00006095 /* Info.plist */ = {isa = PBXFileReference; lastKnownFileType = text.plist.xml; path = Info.plist; sourceTree = "<group>"; };
/* End PBXFileReference section */

/* Begin PBXFrameworksBuildPhase section */
		7FA708471C85B0EB00006095 /* Frameworks */ = {
			isa = PBXFrameworksBuildPhase;
			buildActionMask = 2147483647;
			files = (
			);
			runOnlyForDeploymentPostprocessing = 0;
		};
/* End PBXFrameworksBuildPhase section */

/* Begin PBXGroup section */
		7F8C2DAC1C85C51D00B4DF50 /* artwork */ = {
			isa = PBXGroup;
			children = (
				7F8C2DAD1C85C57500B4DF50 /* view.png */,
			);
			name = artwork;
			sourceTree = "<group>";
		};
		7FA708411C85B0EB00006095 = {
			isa = PBXGroup;
			children = (
				7FA7084C1C85B0EB00006095 /* CRTest */,
				7FA7084B1C85B0EB00006095 /* Products */,
			);
			sourceTree = "<group>";
		};
		7FA7084B1C85B0EB00006095 /* Products */ = {
			isa = PBXGroup;
			children = (
				7FA7084A1C85B0EB00006095 /* CRTest.app */,
			);
			name = Products;
			sourceTree = "<group>";
		};
		7FA7084C1C85B0EB00006095 /* CRTest */ = {
			isa = PBXGroup;
			children = (
				7F8C2DAC1C85C51D00B4DF50 /* artwork */,
				7F8C2DAA1C85B13100B4DF50 /* CRView.h */,
				7F8C2DA91C85B13100B4DF50 /* CRView.m */,
				7FA7084D1C85B0EB00006095 /* AppDelegate.h */,
				7FA7084E1C85B0EB00006095 /* AppDelegate.m */,
				7FA708531C85B0EB00006095 /* Assets.xcassets */,
				7FA708551C85B0EB00006095 /* MainMenu.xib */,
				7FA708581C85B0EB00006095 /* Info.plist */,
				7FA708501C85B0EB00006095 /* Supporting Files */,
			);
			path = CRTest;
			sourceTree = "<group>";
		};
		7FA708501C85B0EB00006095 /* Supporting Files */ = {
			isa = PBXGroup;
			children = (
				7FA708511C85B0EB00006095 /* main.m */,
			);
			name = "Supporting Files";
			sourceTree = "<group>";
		};
/* End PBXGroup section */

/* Begin PBXNativeTarget section */
		7FA708491C85B0EB00006095 /* CRTest */ = {
			isa = PBXNativeTarget;
			buildConfigurationList = 7FA7085B1C85B0EB00006095 /* Build configuration list for PBXNativeTarget "CRTest" */;
			buildPhases = (
				7FA708461C85B0EB00006095 /* Sources */,
				7FA708471C85B0EB00006095 /* Frameworks */,
				7FA708481C85B0EB00006095 /* Resources */,
			);
			buildRules = (
			);
			dependencies = (
			);
			name = CRTest;
			productName = CRTest;
			productReference = 7FA7084A1C85B0EB00006095 /* CRTest.app */;
			productType = "com.apple.product-type.application";
		};
/* End PBXNativeTarget section */

/* Begin PBXProject section */
		7FA708421C85B0EB00006095 /* Project object */ = {
			isa = PBXProject;
			attributes = {
				LastUpgradeCheck = 0720;
				ORGANIZATIONNAME = 32BT;
				TargetAttributes = {
					7FA708491C85B0EB00006095 = {
						CreatedOnToolsVersion = 7.2.1;
					};
				};
			};
			buildConfigurationList = 7FA708451C85B0EB00006095 /* Build configuration list for PBXProject "CRTest" */;
			compatibilityVersion = "Xcode 3.2";
			developmentRegion = English;
			hasScannedForEncodings = 0;
			knownRegions = (
				en,
				Base,
			);
			mainGroup = 7FA708411C85B0EB00006095;
			productRefGroup = 7FA7084B1C85B0EB00006095 /* Products */;
			projectDirPath = "";
			projectRoot = "";
			targets = (
				7FA708491C85B0EB00006095 /* CRTest */,
			);
		};
/* End PBXProject section */

/* Begin PBXResourcesBuildPhase section */
		7FA708481C85B0EB00006095 /* Resources */ = {
			isa = PBXResourcesBuildPhase;
			buildActionMask = 2147483647;
			files = (
				7FA708541C85B0EB00006095 /* Assets.xcassets in Resources */,
				7FA708571C85B0EB00006095 /* MainMenu.xib in Resources */,
				7F8C2DAE1C85C57500B4DF50 /* view.png in Resources */,
			);
			runOnlyForDeploymentPostprocessing = 0;
		};
/* End PBXResourcesBuildPhase section */

/* Begin PBXSourcesBuildPhase section */
		7FA708461C85B0EB00006095 /* Sources */ = {
			isa = PBXSourcesBuildPhase;
			buildActionMask = 2147483647;
			files = (
				7FA708521C85B0EB00006095 /* main.m in Sources */,
				7FA7084F1C85B0EB00006095 /* AppDelegate.m in Sources */,
				7F8C2DAB1C85B13100B4DF50 /* CRView.m in Sources */,
			);
			runOnlyForDeploymentPostprocessing = 0;
		};
/* End PBXSourcesBuildPhase section */

/* Begin PBXVariantGroup section */
		7FA708551C85B0EB00006095 /* MainMenu.xib */ = {
			isa = PBXVariantGroup;
			children = (
				7FA708561C85B0EB00006095 /* Base */,
			);
			name = MainMenu.xib;
			sourceTree = "<group>";
		};
/* End PBXVariantGroup section */

/* Begin XCBuildConfiguration section */
		7FA708591C85B0EB00006095 /* Debug */ = {
			isa = XCBuildConfiguration;
			buildSettings = {
				ALWAYS_SEARCH_USER_PATHS = NO;
				CLANG_CXX_LANGUAGE_STANDARD = "gnu++0x";
				CLANG_CXX_LIBRARY = "libc++";
				CLANG_ENABLE_MODULES = YES;
				CLANG_ENABLE_OBJC_ARC = YES;
				CLANG_WARN_BOOL_CONVERSION = YES;
				CLANG_WARN_CONSTANT_CONVERSION = YES;
				CLANG_WARN_DIRECT_OBJC_ISA_USAGE = YES_ERROR;
				CLANG_WARN_EMPTY_BODY = YES;
				CLANG_WARN_ENUM_CONVERSION = YES;
				CLANG_WARN_INT_CONVERSION = YES;
				CLANG_WARN_OBJC_ROOT_CLASS = YES_ERROR;
				CLANG_WARN_UNREACHABLE_CODE = YES;
				CLANG_WARN__DUPLICATE_METHOD_MATCH = YES;
				CODE_SIGN_IDENTITY = "-";
				COPY_PHASE_STRIP = NO;
				DEBUG_INFORMATION_FORMAT = dwarf;
				ENABLE_STRICT_OBJC_MSGSEND = YES;
				ENABLE_TESTABILITY = YES;
				GCC_C_LANGUAGE_STANDARD = gnu99;
				GCC_DYNAMIC_NO_PIC = NO;
				GCC_NO_COMMON_BLOCKS = YES;
				GCC_OPTIMIZATION_LEVEL = 0;
				GCC_PREPROCESSOR_DEFINITIONS = (
					"DEBUG=1",
					"$(inherited)",
				);
				GCC_WARN_64_TO_32_BIT_CONVERSION = YES;
				GCC_WARN_ABOUT_RETURN_TYPE = YES_ERROR;
				GCC_WARN_UNDECLARED_SELECTOR = YES;
				GCC_WARN_UNINITIALIZED_AUTOS = YES_AGGRESSIVE;
				GCC_WARN_UNUSED_FUNCTION = YES;
				GCC_WARN_UNUSED_VARIABLE = YES;
				MACOSX_DEPLOYMENT_TARGET = 10.11;
				MTL_ENABLE_DEBUG_INFO = YES;
				ONLY_ACTIVE_ARCH = YES;
				SDKROOT = macosx;
			};
			name = Debug;
		};
		7FA7085A1C85B0EB00006095 /* Release */ = {
			isa = XCBuildConfiguration;
			buildSettings = {
				ALWAYS_SEARCH_USER_PATHS = NO;
				CLANG_CXX_LANGUAGE_STANDARD = "gnu++0x";
				CLANG_CXX_LIBRARY = "libc++";
				CLANG_ENABLE_MODULES = YES;
				CLANG_ENABLE_OBJC_ARC = YES;
				CLANG_WARN_BOOL_CONVERSION = YES;
				CLANG_WARN_CONSTANT_CONVERSION = YES;
				CLANG_WARN_DIRECT_OBJC_ISA_USAGE = YES_ERROR;
				CLANG_WARN_EMPTY_BODY = YES;
				CLANG_WARN_ENUM_CONVERSION = YES;
				CLANG_WARN_INT_CONVERSION = YES;
				CLANG_WARN_OBJC_ROOT_CLASS = YES_ERROR;
				CLANG_WARN_UNREACHABLE_CODE = YES;
				CLANG_WARN__DUPLICATE_METHOD_MATCH = YES;
				CODE_SIGN_IDENTITY = "-";
				COPY_PHASE_STRIP = NO;
				DEBUG_INFORMATION_FORMAT = "dwarf-with-dsym";
				ENABLE_NS_ASSERTIONS = NO;
				ENABLE_STRICT_OBJC_MSGSEND = YES;
				GCC_C_LANGUAGE_STANDARD = gnu99;
				GCC_NO_COMMON_BLOCKS = YES;
				GCC_WARN_64_TO_32_BIT_CONVERSION = YES;
				GCC_WARN_ABOUT_RETURN_TYPE = YES_ERROR;
				GCC_WARN_UNDECLARED_SELECTOR = YES;
				GCC_WARN_UNINITIALIZED_AUTOS = YES_AGGRESSIVE;
				GCC_WARN_UNUSED_FUNCTION = YES;
				GCC_WARN_UNUSED_VARIABLE = YES;
				MACOSX_DEPLOYMENT_TARGET = 10.11;
				MTL_ENABLE_DEBUG_INFO = NO;
				SDKROOT = macosx;
			};
			name = Release;
		};
		7FA7085C1C85B0EB00006095 /* Debug */ = {
			isa = XCBuildConfiguration;
			buildSettings = {
				ASSETCATALOG_COMPILER_APPICON_NAME = AppIcon;
				COMBINE_HIDPI_IMAGES = YES;
				INFOPLIST_FILE = CRTest/Info.plist;
				LD_RUNPATH_SEARCH_PATHS = "$(inherited) @executable_path/../Frameworks";
				PRODUCT_BUNDLE_IDENTIFIER = com.32BT.CRTest;
				PRODUCT_NAME = "$(TARGET_NAME)";
			};
			name = Debug;
		};
		7FA7085D1C85B0EB00006095 /* Release */ = {
			isa = XCBuildConfiguration;
			buildSettings = {
				ASSETCATALOG_COMPILER_APPICON_NAME = AppIcon;
				COMBINE_HIDPI_IMAGES = YES;
				INFOPLIST_FILE = CRTest/Info.plist;
				LD_RUNPATH_SEARCH_PATHS = "$(inherited) @executable_path/../Frameworks";
				PRODUCT_BUNDLE_IDENTIFIER = com.32BT.CRTest;
				PRODUCT_NAME = "$(TARGET_NAME)";
			};
			name = Release;
		};
/* End XCBuildConfiguration section */

/* Begin XCConfigurationList section */
		7FA708451C85B0EB00006095 /* Build configuration list for PBXProject "CRTest" */ = {
			isa = XCConfigurationList;
			buildConfigurations = (
				7FA708591C85B0EB00006095 /* Debug */,
				7FA7085A1C85B0EB00006095 /* Release */,
			);
			defaultConfigurationIsVisible = 0;
			defaultConfigurationName = Release;
		};
		7FA7085B1C85B0EB00006095 /* Build configuration list for PBXNativeTarget "CRTest" */ = {
			isa = XCConfigurationList;
			buildConfigurations = (
				7FA7085C1C85B0EB00006095 /* Debug */,
				7FA7085D1C85B0EB00006095 /* Release */,
			);
			defaultConfigurationIsVisible = 0;
			defaultConfigurationName = Release;
		};
/* End XCConfigurationList section */
	};
	rootObject = 7FA708421C85B0EB00006095 /* Project object */;
}
